PODS:
  - RongCloudIM/IMKit (2.10.4):
    - RongCloudIM/IMLib
  - RongCloudIM/IMLib (2.10.4)

DEPENDENCIES:
  - RongCloudIM/IMKit
  - RongCloudIM/IMLib

SPEC REPOS:
  trunk:
    - RongCloudIM

SPEC CHECKSUMS:
  RongCloudIM: 741d6f0e655b8fd77c63ee34071d4f9bf146aae6

PODFILE CHECKSUM: 27966c7f65e290a55619fde492263495fe52cfac

COCOAPODS: 1.9.0
